
Microsoft Visual Studio Solution File, Format Version 12.00
# Visual Studio Version 16
VisualStudioVersion = 16.0.29926.136
MinimumVisualStudioVersion = 10.0.40219.1
Project("{9A19103F-16F7-4668-BE54-9A1E7A4F7556}") = "CampaignManagerTool", "CampaignManagerTool\CampaignManagerTool.csproj", "{1BEF123E-447F-482C-B748-56F63195394F}"
EndProject
Project("{FAE04EC0-301F-11D3-BF4B-00C04F79EFBC}") = "CampaignManagerUnitTests", "CampaignManagerUnitTests\CampaignManagerUnitTests.csproj", "{15CDB067-D137-4992-B311-A60611204559}"
EndProject
Global
	GlobalSection(SolutionConfigurationPlatforms) = preSolution
		Debug|Any CPU = Debug|Any CPU
		Release|Any CPU = Release|Any CPU
		Test|Any CPU = Test|Any CPU
	EndGlobalSection
	GlobalSection(ProjectConfigurationPlatforms) = postSolution
		{1BEF123E-447F-482C-B748-56F63195394F}.Debug|Any CPU.ActiveCfg = Debug|Any CPU
		{1BEF123E-447F-482C-B748-56F63195394F}.Debug|Any CPU.Build.0 = Debug|Any CPU
		{1BEF123E-447F-482C-B748-56F63195394F}.Release|Any CPU.ActiveCfg = Release|Any CPU
		{1BEF123E-447F-482C-B748-56F63195394F}.Release|Any CPU.Build.0 = Release|Any CPU
		{1BEF123E-447F-482C-B748-56F63195394F}.Test|Any CPU.ActiveCfg = Test|Any CPU
		{1BEF123E-447F-482C-B748-56F63195394F}.Test|Any CPU.Build.0 = Test|Any CPU
		{15CDB067-D137-4992-B311-A60611204559}.Debug|Any CPU.ActiveCfg = Debug|Any CPU
		{15CDB067-D137-4992-B311-A60611204559}.Debug|Any CPU.Build.0 = Debug|Any CPU
		{15CDB067-D137-4992-B311-A60611204559}.Release|Any CPU.ActiveCfg = Release|Any CPU
		{15CDB067-D137-4992-B311-A60611204559}.Release|Any CPU.Build.0 = Release|Any CPU
		{15CDB067-D137-4992-B311-A60611204559}.Test|Any CPU.ActiveCfg = Debug|Any CPU
		{15CDB067-D137-4992-B311-A60611204559}.Test|Any CPU.Build.0 = Debug|Any CPU
	EndGlobalSection
	GlobalSection(SolutionProperties) = preSolution
		HideSolutionNode = FALSE
	EndGlobalSection
	GlobalSection(ExtensibilityGlobals) = postSolution
		SolutionGuid = {FA704179-1FBB-4378-889E-87A9BCFE308F}
	EndGlobalSection
EndGlobal
